
Microsoft Visual Studio Solution File, Format Version 12.00
# Visual Studio Version 17
VisualStudioVersion = 17.2.32630.192
MinimumVisualStudioVersion = 10.0.40219.1
Project("{FAE04EC0-301F-11D3-BF4B-00C04F79EFBC}") = "ConsoleApp4", "ConsoleApp4\ConsoleApp4.csproj", "{3E73E9B4-6BE1-4B8C-AB4C-8EC3767E62EC}"
EndProject
Global
	GlobalSection(SolutionConfigurationPlatforms) = preSolution
		Debug|Any CPU = Debug|Any CPU
		Release|Any CPU = Release|Any CPU
	EndGlobalSection
	GlobalSection(ProjectConfigurationPlatforms) = postSolution
		{3E73E9B4-6BE1-4B8C-AB4C-8EC3767E62EC}.Debug|Any CPU.ActiveCfg = Debug|Any CPU
		{3E73E9B4-6BE1-4B8C-AB4C-8EC3767E62EC}.Debug|Any CPU.Build.0 = Debug|Any CPU
		{3E73E9B4-6BE1-4B8C-AB4C-8EC3767E62EC}.Release|Any CPU.ActiveCfg = Release|Any CPU
		{3E73E9B4-6BE1-4B8C-AB4C-8EC3767E62EC}.Release|Any CPU.Build.0 = Release|Any CPU
	EndGlobalSection
	GlobalSection(SolutionProperties) = preSolution
		HideSolutionNode = FALSE
	EndGlobalSection
	GlobalSection(ExtensibilityGlobals) = postSolution
		SolutionGuid = {E00A1A82-C773-4EF4-B145-574A5CB118D7}
	EndGlobalSection
EndGlobal
